// !$*UTF8*$!
{
	archiveVersion = 1;
	classes = {
	};
	objectVersion = 46;
	objects = {

/* Begin PBXBuildFile section */
		290A7A7A1F49AD940079F973 /* AppDelegate.swift in Sources */ = {isa = PBXBuildFile; fileRef = 290A7A791F49AD940079F973 /* AppDelegate.swift */; };
		290A7A7C1F49AD940079F973 /* ViewController.swift in Sources */ = {isa = PBXBuildFile; fileRef = 290A7A7B1F49AD940079F973 /* ViewController.swift */; };
		290A7A7F1F49AD940079F973 /* Main.storyboard in Resources */ = {isa = PBXBuildFile; fileRef = 290A7A7D1F49AD940079F973 /* Main.storyboard */; };
		290A7A811F49AD940079F973 /* Assets.xcassets in Resources */ = {isa = PBXBuildFile; fileRef = 290A7A801F49AD940079F973 /* Assets.xcassets */; };
		290A7A841F49AD940079F973 /* LaunchScreen.storyboard in Resources */ = {isa = PBXBuildFile; fileRef = 290A7A821F49AD940079F973 /* LaunchScreen.storyboard */; };
		290A7A8F1F49AD940079F973 /* TIC_TAC_TOETests.swift in Sources */ = {isa = PBXBuildFile; fileRef = 290A7A8E1F49AD940079F973 /* TIC_TAC_TOETests.swift */; };
		290A7A9A1F49AD940079F973 /* TIC_TAC_TOEUITests.swift in Sources */ = {isa = PBXBuildFile; fileRef = 290A7A991F49AD940079F973 /* TIC_TAC_TOEUITests.swift */; };
/* End PBXBuildFile section */

/* Begin PBXContainerItemProxy section */
		290A7A8B1F49AD940079F973 /* PBXContainerItemProxy */ = {
			isa = PBXContainerItemProxy;
			containerPortal = 290A7A6E1F49AD940079F973 /* Project object */;
			proxyType = 1;
			remoteGlobalIDString = 290A7A751F49AD940079F973;
			remoteInfo = "TIC TAC TOE";
		};
		290A7A961F49AD940079F973 /* PBXContainerItemProxy */ = {
			isa = PBXContainerItemProxy;
			containerPortal = 290A7A6E1F49AD940079F973 /* Project object */;
			proxyType = 1;
			remoteGlobalIDString = 290A7A751F49AD940079F973;
			remoteInfo = "TIC TAC TOE";
		};
/* End PBXContainerItemProxy section */

/* Begin PBXFileReference section */
		290A7A761F49AD940079F973 /* TIC TAC TOE.app */ = {isa = PBXFileReference; explicitFileType = wrapper.application; includeInIndex = 0; path = "TIC TAC TOE.app"; sourceTree = BUILT_PRODUCTS_DIR; };
		290A7A791F49AD940079F973 /* AppDelegate.swift */ = {isa = PBXFileReference; lastKnownFileType = sourcecode.swift; path = AppDelegate.swift; sourceTree = "<group>"; };
		290A7A7B1F49AD940079F973 /* ViewController.swift */ = {isa = PBXFileReference; lastKnownFileType = sourcecode.swift; path = ViewController.swift; sourceTree = "<group>"; };
		290A7A7E1F49AD940079F973 /* Base */ = {isa = PBXFileReference; lastKnownFileType = file.storyboard; name = Base; path = Base.lproj/Main.storyboard; sourceTree = "<group>"; };
		290A7A801F49AD940079F973 /* Assets.xcassets */ = {isa = PBXFileReference; lastKnownFileType = folder.assetcatalog; path = Assets.xcassets; sourceTree = "<group>"; };
		290A7A831F49AD940079F973 /* Base */ = {isa = PBXFileReference; lastKnownFileType = file.storyboard; name = Base; path = Base.lproj/LaunchScreen.storyboard; sourceTree = "<group>"; };
		290A7A851F49AD940079F973 /* Info.plist */ = {isa = PBXFileReference; lastKnownFileType = text.plist.xml; path = Info.plist; sourceTree = "<group>"; };
		290A7A8A1F49AD940079F973 /* TIC TAC TOETests.xctest */ = {isa = PBXFileReference; explicitFileType = wrapper.cfbundle; includeInIndex = 0; path = "TIC TAC TOETests.xctest"; sourceTree = BUILT_PRODUCTS_DIR; };
		290A7A8E1F49AD940079F973 /* TIC_TAC_TOETests.swift */ = {isa = PBXFileReference; lastKnownFileType = sourcecode.swift; path = TIC_TAC_TOETests.swift; sourceTree = "<group>"; };
		290A7A901F49AD940079F973 /* Info.plist */ = {isa = PBXFileReference; lastKnownFileType = text.plist.xml; path = Info.plist; sourceTree = "<group>"; };
		290A7A951F49AD940079F973 /* TIC TAC TOEUITests.xctest */ = {isa = PBXFileReference; explicitFileType = wrapper.cfbundle; includeInIndex = 0; path = "TIC TAC TOEUITests.xctest"; sourceTree = BUILT_PRODUCTS_DIR; };
		290A7A991F49AD940079F973 /* TIC_TAC_TOEUITests.swift */ = {isa = PBXFileReference; lastKnownFileType = sourcecode.swift; path = TIC_TAC_TOEUITests.swift; sourceTree = "<group>"; };
		290A7A9B1F49AD940079F973 /* Info.plist */ = {isa = PBXFileReference; lastKnownFileType = text.plist.xml; path = Info.plist; sourceTree = "<group>"; };
/* End PBXFileReference section */

/* Begin PBXFrameworksBuildPhase section */
		290A7A731F49AD940079F973 /* Frameworks */ = {
			isa = PBXFrameworksBuildPhase;
			buildActionMask = 2147483647;
			files = (
			);
			runOnlyForDeploymentPostprocessing = 0;
		};
		290A7A871F49AD940079F973 /* Frameworks */ = {
			isa = PBXFrameworksBuildPhase;
			buildActionMask = 2147483647;
			files = (
			);
			runOnlyForDeploymentPostprocessing = 0;
		};
		290A7A921F49AD940079F973 /* Frameworks */ = {
			isa = PBXFrameworksBuildPhase;
			buildActionMask = 2147483647;
			files = (
			);
			runOnlyForDeploymentPostprocessing = 0;
		};
/* End PBXFrameworksBuildPhase section */

/* Begin PBXGroup section */
		290A7A6D1F49AD940079F973 = {
			isa = PBXGroup;
			children = (
				290A7A781F49AD940079F973 /* TIC TAC TOE */,
				290A7A8D1F49AD940079F973 /* TIC TAC TOETests */,
				290A7A981F49AD940079F973 /* TIC TAC TOEUITests */,
				290A7A771F49AD940079F973 /* Products */,
			);
			sourceTree = "<group>";
		};
		290A7A771F49AD940079F973 /* Products */ = {
			isa = PBXGroup;
			children = (
				290A7A761F49AD940079F973 /* TIC TAC TOE.app */,
				290A7A8A1F49AD940079F973 /* TIC TAC TOETests.xctest */,
				290A7A951F49AD940079F973 /* TIC TAC TOEUITests.xctest */,
			);
			name = Products;
			sourceTree = "<group>";
		};
		290A7A781F49AD940079F973 /* TIC TAC TOE */ = {
			isa = PBXGroup;
			children = (
				290A7A791F49AD940079F973 /* AppDelegate.swift */,
				290A7A7B1F49AD940079F973 /* ViewController.swift */,
				290A7A7D1F49AD940079F973 /* Main.storyboard */,
				290A7A801F49AD940079F973 /* Assets.xcassets */,
				290A7A821F49AD940079F973 /* LaunchScreen.storyboard */,
				290A7A851F49AD940079F973 /* Info.plist */,
			);
			path = "TIC TAC TOE";
			sourceTree = "<group>";
		};
		290A7A8D1F49AD940079F973 /* TIC TAC TOETests */ = {
			isa = PBXGroup;
			children = (
				290A7A8E1F49AD940079F973 /* TIC_TAC_TOETests.swift */,
				290A7A901F49AD940079F973 /* Info.plist */,
			);
			path = "TIC TAC TOETests";
			sourceTree = "<group>";
		};
		290A7A981F49AD940079F973 /* TIC TAC TOEUITests */ = {
			isa = PBXGroup;
			children = (
				290A7A991F49AD940079F973 /* TIC_TAC_TOEUITests.swift */,
				290A7A9B1F49AD940079F973 /* Info.plist */,
			);
			path = "TIC TAC TOEUITests";
			sourceTree = "<group>";
		};
/* End PBXGroup section */

/* Begin PBXNativeTarget section */
		290A7A751F49AD940079F973 /* TIC TAC TOE */ = {
			isa = PBXNativeTarget;
			buildConfigurationList = 290A7A9E1F49AD940079F973 /* Build configuration list for PBXNativeTarget "TIC TAC TOE" */;
			buildPhases = (
				290A7A721F49AD940079F973 /* Sources */,
				290A7A731F49AD940079F973 /* Frameworks */,
				290A7A741F49AD940079F973 /* Resources */,
			);
			buildRules = (
			);
			dependencies = (
			);
			name = "TIC TAC TOE";
			productName = "TIC TAC TOE";
			productReference = 290A7A761F49AD940079F973 /* TIC TAC TOE.app */;
			productType = "com.apple.product-type.application";
		};
		290A7A891F49AD940079F973 /* TIC TAC TOETests */ = {
			isa = PBXNativeTarget;
			buildConfigurationList = 290A7AA11F49AD940079F973 /* Build configuration list for PBXNativeTarget "TIC TAC TOETests" */;
			buildPhases = (
				290A7A861F49AD940079F973 /* Sources */,
				290A7A871F49AD940079F973 /* Frameworks */,
				290A7A881F49AD940079F973 /* Resources */,
			);
			buildRules = (
			);
			dependencies = (
				290A7A8C1F49AD940079F973 /* PBXTargetDependency */,
			);
			name = "TIC TAC TOETests";
			productName = "TIC TAC TOETests";
			productReference = 290A7A8A1F49AD940079F973 /* TIC TAC TOETests.xctest */;
			productType = "com.apple.product-type.bundle.unit-test";
		};
		290A7A941F49AD940079F973 /* TIC TAC TOEUITests */ = {
			isa = PBXNativeTarget;
			buildConfigurationList = 290A7AA41F49AD940079F973 /* Build configuration list for PBXNativeTarget "TIC TAC TOEUITests" */;
			buildPhases = (
				290A7A911F49AD940079F973 /* Sources */,
				290A7A921F49AD940079F973 /* Frameworks */,
				290A7A931F49AD940079F973 /* Resources */,
			);
			buildRules = (
			);
			dependencies = (
				290A7A971F49AD940079F973 /* PBXTargetDependency */,
			);
			name = "TIC TAC TOEUITests";
			productName = "TIC TAC TOEUITests";
			productReference = 290A7A951F49AD940079F973 /* TIC TAC TOEUITests.xctest */;
			productType = "com.apple.product-type.bundle.ui-testing";
		};
/* End PBXNativeTarget section */

/* Begin PBXProject section */
		290A7A6E1F49AD940079F973 /* Project object */ = {
			isa = PBXProject;
			attributes = {
				LastSwiftUpdateCheck = 0830;
				LastUpgradeCheck = 0830;
				ORGANIZATIONNAME = "Manar Mahmalji";
				TargetAttributes = {
					290A7A751F49AD940079F973 = {
						CreatedOnToolsVersion = 8.3.3;
						ProvisioningStyle = Automatic;
					};
					290A7A891F49AD940079F973 = {
						CreatedOnToolsVersion = 8.3.3;
						ProvisioningStyle = Automatic;
						TestTargetID = 290A7A751F49AD940079F973;
					};
					290A7A941F49AD940079F973 = {
						CreatedOnToolsVersion = 8.3.3;
						ProvisioningStyle = Automatic;
						TestTargetID = 290A7A751F49AD940079F973;
					};
				};
			};
			buildConfigurationList = 290A7A711F49AD940079F973 /* Build configuration list for PBXProject "TIC TAC TOE" */;
			compatibilityVersion = "Xcode 3.2";
			developmentRegion = English;
			hasScannedForEncodings = 0;
			knownRegions = (
				en,
				Base,
			);
			mainGroup = 290A7A6D1F49AD940079F973;
			productRefGroup = 290A7A771F49AD940079F973 /* Products */;
			projectDirPath = "";
			projectRoot = "";
			targets = (
				290A7A751F49AD940079F973 /* TIC TAC TOE */,
				290A7A891F49AD940079F973 /* TIC TAC TOETests */,
				290A7A941F49AD940079F973 /* TIC TAC TOEUITests */,
			);
		};
/* End PBXProject section */

/* Begin PBXResourcesBuildPhase section */
		290A7A741F49AD940079F973 /* Resources */ = {
			isa = PBXResourcesBuildPhase;
			buildActionMask = 2147483647;
			files = (
				290A7A841F49AD940079F973 /* LaunchScreen.storyboard in Resources */,
				290A7A811F49AD940079F973 /* Assets.xcassets in Resources */,
				290A7A7F1F49AD940079F973 /* Main.storyboard in Resources */,
			);
			runOnlyForDeploymentPostprocessing = 0;
		};
		290A7A881F49AD940079F973 /* Resources */ = {
			isa = PBXResourcesBuildPhase;
			buildActionMask = 2147483647;
			files = (
			);
			runOnlyForDeploymentPostprocessing = 0;
		};
		290A7A931F49AD940079F973 /* Resources */ = {
			isa = PBXResourcesBuildPhase;
			buildActionMask = 2147483647;
			files = (
			);
			runOnlyForDeploymentPostprocessing = 0;
		};
/* End PBXResourcesBuildPhase section */

/* Begin PBXSourcesBuildPhase section */
		290A7A721F49AD940079F973 /* Sources */ = {
			isa = PBXSourcesBuildPhase;
			buildActionMask = 2147483647;
			files = (
				290A7A7C1F49AD940079F973 /* ViewController.swift in Sources */,
				290A7A7A1F49AD940079F973 /* AppDelegate.swift in Sources */,
			);
			runOnlyForDeploymentPostprocessing = 0;
		};
		290A7A861F49AD940079F973 /* Sources */ = {
			isa = PBXSourcesBuildPhase;
			buildActionMask = 2147483647;
			files = (
				290A7A8F1F49AD940079F973 /* TIC_TAC_TOETests.swift in Sources */,
			);
			runOnlyForDeploymentPostprocessing = 0;
		};
		290A7A911F49AD940079F973 /* Sources */ = {
			isa = PBXSourcesBuildPhase;
			buildActionMask = 2147483647;
			files = (
				290A7A9A1F49AD940079F973 /* TIC_TAC_TOEUITests.swift in Sources */,
			);
			runOnlyForDeploymentPostprocessing = 0;
		};
/* End PBXSourcesBuildPhase section */

/* Begin PBXTargetDependency section */
		290A7A8C1F49AD940079F973 /* PBXTargetDependency */ = {
			isa = PBXTargetDependency;
			target = 290A7A751F49AD940079F973 /* TIC TAC TOE */;
			targetProxy = 290A7A8B1F49AD940079F973 /* PBXContainerItemProxy */;
		};
		290A7A971F49AD940079F973 /* PBXTargetDependency */ = {
			isa = PBXTargetDependency;
			target = 290A7A751F49AD940079F973 /* TIC TAC TOE */;
			targetProxy = 290A7A961F49AD940079F973 /* PBXContainerItemProxy */;
		};
/* End PBXTargetDependency section */

/* Begin PBXVariantGroup section */
		290A7A7D1F49AD940079F973 /* Main.storyboard */ = {
			isa = PBXVariantGroup;
			children = (
				290A7A7E1F49AD940079F973 /* Base */,
			);
			name = Main.storyboard;
			sourceTree = "<group>";
		};
		290A7A821F49AD940079F973 /* LaunchScreen.storyboard */ = {
			isa = PBXVariantGroup;
			children = (
				290A7A831F49AD940079F973 /* Base */,
			);
			name = LaunchScreen.storyboard;
			sourceTree = "<group>";
		};
/* End PBXVariantGroup section */

/* Begin XCBuildConfiguration section */
		290A7A9C1F49AD940079F973 /* Debug */ = {
			isa = XCBuildConfiguration;
			buildSettings = {
				ALWAYS_SEARCH_USER_PATHS = NO;
				CLANG_ANALYZER_NONNULL = YES;
				CLANG_ANALYZER_NUMBER_OBJECT_CONVERSION = YES_AGGRESSIVE;
				CLANG_CXX_LANGUAGE_STANDARD = "gnu++0x";
				CLANG_CXX_LIBRARY = "libc++";
				CLANG_ENABLE_MODULES = YES;
				CLANG_ENABLE_OBJC_ARC = YES;
				CLANG_WARN_BOOL_CONVERSION = YES;
				CLANG_WARN_CONSTANT_CONVERSION = YES;
				CLANG_WARN_DIRECT_OBJC_ISA_USAGE = YES_ERROR;
				CLANG_WARN_DOCUMENTATION_COMMENTS = YES;
				CLANG_WARN_EMPTY_BODY = YES;
				CLANG_WARN_ENUM_CONVERSION = YES;
				CLANG_WARN_INFINITE_RECURSION = YES;
				CLANG_WARN_INT_CONVERSION = YES;
				CLANG_WARN_OBJC_ROOT_CLASS = YES_ERROR;
				CLANG_WARN_SUSPICIOUS_MOVE = YES;
				CLANG_WARN_UNREACHABLE_CODE = YES;
				CLANG_WARN__DUPLICATE_METHOD_MATCH = YES;
				"CODE_SIGN_IDENTITY[sdk=iphoneos*]" = "iPhone Developer";
				COPY_PHASE_STRIP = NO;
				DEBUG_INFORMATION_FORMAT = dwarf;
				ENABLE_STRICT_OBJC_MSGSEND = YES;
				ENABLE_TESTABILITY = YES;
				GCC_C_LANGUAGE_STANDARD = gnu99;
				GCC_DYNAMIC_NO_PIC = NO;
				GCC_NO_COMMON_BLOCKS = YES;
				GCC_OPTIMIZATION_LEVEL = 0;
				GCC_PREPROCESSOR_DEFINITIONS = (
					"DEBUG=1",
					"$(inherited)",
				);
				GCC_WARN_64_TO_32_BIT_CONVERSION = YES;
				GCC_WARN_ABOUT_RETURN_TYPE = YES_ERROR;
				GCC_WARN_UNDECLARED_SELECTOR = YES;
				GCC_WARN_UNINITIALIZED_AUTOS = YES_AGGRESSIVE;
				GCC_WARN_UNUSED_FUNCTION = YES;
				GCC_WARN_UNUSED_VARIABLE = YES;
				IPHONEOS_DEPLOYMENT_TARGET = 10.3;
				MTL_ENABLE_DEBUG_INFO = YES;
				ONLY_ACTIVE_ARCH = YES;
				SDKROOT = iphoneos;
				SWIFT_ACTIVE_COMPILATION_CONDITIONS = DEBUG;
				SWIFT_OPTIMIZATION_LEVEL = "-Onone";
			};
			name = Debug;
		};
		290A7A9D1F49AD940079F973 /* Release */ = {
			isa = XCBuildConfiguration;
			buildSettings = {
				ALWAYS_SEARCH_USER_PATHS = NO;
				CLANG_ANALYZER_NONNULL = YES;
				CLANG_ANALYZER_NUMBER_OBJECT_CONVERSION = YES_AGGRESSIVE;
				CLANG_CXX_LANGUAGE_STANDARD = "gnu++0x";
				CLANG_CXX_LIBRARY = "libc++";
				CLANG_ENABLE_MODULES = YES;
				CLANG_ENABLE_OBJC_ARC = YES;
				CLANG_WARN_BOOL_CONVERSION = YES;
				CLANG_WARN_CONSTANT_CONVERSION = YES;
				CLANG_WARN_DIRECT_OBJC_ISA_USAGE = YES_ERROR;
				CLANG_WARN_DOCUMENTATION_COMMENTS = YES;
				CLANG_WARN_EMPTY_BODY = YES;
				CLANG_WARN_ENUM_CONVERSION = YES;
				CLANG_WARN_INFINITE_RECURSION = YES;
				CLANG_WARN_INT_CONVERSION = YES;
				CLANG_WARN_OBJC_ROOT_CLASS = YES_ERROR;
				CLANG_WARN_SUSPICIOUS_MOVE = YES;
				CLANG_WARN_UNREACHABLE_CODE = YES;
				CLANG_WARN__DUPLICATE_METHOD_MATCH = YES;
				"CODE_SIGN_IDENTITY[sdk=iphoneos*]" = "iPhone Developer";
				COPY_PHASE_STRIP = NO;
				DEBUG_INFORMATION_FORMAT = "dwarf-with-dsym";
				ENABLE_NS_ASSERTIONS = NO;
				ENABLE_STRICT_OBJC_MSGSEND = YES;
				GCC_C_LANGUAGE_STANDARD = gnu99;
				GCC_NO_COMMON_BLOCKS = YES;
				GCC_WARN_64_TO_32_BIT_CONVERSION = YES;
				GCC_WARN_ABOUT_RETURN_TYPE = YES_ERROR;
				GCC_WARN_UNDECLARED_SELECTOR = YES;
				GCC_WARN_UNINITIALIZED_AUTOS = YES_AGGRESSIVE;
				GCC_WARN_UNUSED_FUNCTION = YES;
				GCC_WARN_UNUSED_VARIABLE = YES;
				IPHONEOS_DEPLOYMENT_TARGET = 10.3;
				MTL_ENABLE_DEBUG_INFO = NO;
				SDKROOT = iphoneos;
				SWIFT_OPTIMIZATION_LEVEL = "-Owholemodule";
				VALIDATE_PRODUCT = YES;
			};
			name = Release;
		};
		290A7A9F1F49AD940079F973 /* Debug */ = {
			isa = XCBuildConfiguration;
			buildSettings = {
				ASSETCATALOG_COMPILER_APPICON_NAME = AppIcon;
				INFOPLIST_FILE = "TIC TAC TOE/Info.plist";
				LD_RUNPATH_SEARCH_PATHS = "$(inherited) @executable_path/Frameworks";
				PRODUCT_BUNDLE_IDENTIFIER = "com.Manar-Mahmalji.Tip-Pro.TIC-TAC-TOE";
				PRODUCT_NAME = "$(TARGET_NAME)";
				SWIFT_VERSION = 3.0;
			};
			name = Debug;
		};
		290A7AA01F49AD940079F973 /* Release */ = {
			isa = XCBuildConfiguration;
			buildSettings = {
				ASSETCATALOG_COMPILER_APPICON_NAME = AppIcon;
				INFOPLIST_FILE = "TIC TAC TOE/Info.plist";
				LD_RUNPATH_SEARCH_PATHS = "$(inherited) @executable_path/Frameworks";
				PRODUCT_BUNDLE_IDENTIFIER = "com.Manar-Mahmalji.Tip-Pro.TIC-TAC-TOE";
				PRODUCT_NAME = "$(TARGET_NAME)";
				SWIFT_VERSION = 3.0;
			};
			name = Release;
		};
		290A7AA21F49AD940079F973 /* Debug */ = {
			isa = XCBuildConfiguration;
			buildSettings = {
				ALWAYS_EMBED_SWIFT_STANDARD_LIBRARIES = YES;
				BUNDLE_LOADER = "$(TEST_HOST)";
				INFOPLIST_FILE = "TIC TAC TOETests/Info.plist";
				LD_RUNPATH_SEARCH_PATHS = "$(inherited) @executable_path/Frameworks @loader_path/Frameworks";
				PRODUCT_BUNDLE_IDENTIFIER = "com.Manar-Mahmalji.Tip-Pro.TIC-TAC-TOETests";
				PRODUCT_NAME = "$(TARGET_NAME)";
				SWIFT_VERSION = 3.0;
				TEST_HOST = "$(BUILT_PRODUCTS_DIR)/TIC TAC TOE.app/TIC TAC TOE";
			};
			name = Debug;
		};
		290A7AA31F49AD940079F973 /* Release */ = {
			isa = XCBuildConfiguration;
			buildSettings = {
				ALWAYS_EMBED_SWIFT_STANDARD_LIBRARIES = YES;
				BUNDLE_LOADER = "$(TEST_HOST)";
				INFOPLIST_FILE = "TIC TAC TOETests/Info.plist";
				LD_RUNPATH_SEARCH_PATHS = "$(inherited) @executable_path/Frameworks @loader_path/Frameworks";
				PRODUCT_BUNDLE_IDENTIFIER = "com.Manar-Mahmalji.Tip-Pro.TIC-TAC-TOETests";
				PRODUCT_NAME = "$(TARGET_NAME)";
				SWIFT_VERSION = 3.0;
				TEST_HOST = "$(BUILT_PRODUCTS_DIR)/TIC TAC TOE.app/TIC TAC TOE";
			};
			name = Release;
		};
		290A7AA51F49AD940079F973 /* Debug */ = {
			isa = XCBuildConfiguration;
			buildSettings = {
				ALWAYS_EMBED_SWIFT_STANDARD_LIBRARIES = YES;
				INFOPLIST_FILE = "TIC TAC TOEUITests/Info.plist";
				LD_RUNPATH_SEARCH_PATHS = "$(inherited) @executable_path/Frameworks @loader_path/Frameworks";
				PRODUCT_BUNDLE_IDENTIFIER = "com.Manar-Mahmalji.Tip-Pro.TIC-TAC-TOEUITests";
				PRODUCT_NAME = "$(TARGET_NAME)";
				SWIFT_VERSION = 3.0;
				TEST_TARGET_NAME = "TIC TAC TOE";
			};
			name = Debug;
		};
		290A7AA61F49AD940079F973 /* Release */ = {
			isa = XCBuildConfiguration;
			buildSettings = {
				ALWAYS_EMBED_SWIFT_STANDARD_LIBRARIES = YES;
				INFOPLIST_FILE = "TIC TAC TOEUITests/Info.plist";
				LD_RUNPATH_SEARCH_PATHS = "$(inherited) @executable_path/Frameworks @loader_path/Frameworks";
				PRODUCT_BUNDLE_IDENTIFIER = "com.Manar-Mahmalji.Tip-Pro.TIC-TAC-TOEUITests";
				PRODUCT_NAME = "$(TARGET_NAME)";
				SWIFT_VERSION = 3.0;
				TEST_TARGET_NAME = "TIC TAC TOE";
			};
			name = Release;
		};
/* End XCBuildConfiguration section */

/* Begin XCConfigurationList section */
		290A7A711F49AD940079F973 /* Build configuration list for PBXProject "TIC TAC TOE" */ = {
			isa = XCConfigurationList;
			buildConfigurations = (
				290A7A9C1F49AD940079F973 /* Debug */,
				290A7A9D1F49AD940079F973 /* Release */,
			);
			defaultConfigurationIsVisible = 0;
			defaultConfigurationName = Release;
		};
		290A7A9E1F49AD940079F973 /* Build configuration list for PBXNativeTarget "TIC TAC TOE" */ = {
			isa = XCConfigurationList;
			buildConfigurations = (
				290A7A9F1F49AD940079F973 /* Debug */,
				290A7AA01F49AD940079F973 /* Release */,
			);
			defaultConfigurationIsVisible = 0;
		};
		290A7AA11F49AD940079F973 /* Build configuration list for PBXNativeTarget "TIC TAC TOETests" */ = {
			isa = XCConfigurationList;
			buildConfigurations = (
				290A7AA21F49AD940079F973 /* Debug */,
				290A7AA31F49AD940079F973 /* Release */,
			);
			defaultConfigurationIsVisible = 0;
		};
		290A7AA41F49AD940079F973 /* Build configuration list for PBXNativeTarget "TIC TAC TOEUITests" */ = {
			isa = XCConfigurationList;
			buildConfigurations = (
				290A7AA51F49AD940079F973 /* Debug */,
				290A7AA61F49AD940079F973 /* Release */,
			);
			defaultConfigurationIsVisible = 0;
		};
/* End XCConfigurationList section */
	};
	rootObject = 290A7A6E1F49AD940079F973 /* Project object */;
}
